// !$*UTF8*$!
{
	archiveVersion = 1;
	classes = {
	};
	objectVersion = 56;
	objects = {

/* Begin PBXBuildFile section */
		AA000001 /* QuranLockApp.swift in Sources */ = {isa = PBXBuildFile; fileRef = BB000001; };
		AA000002 /* AppState.swift in Sources */ = {isa = PBXBuildFile; fileRef = BB000002; };
		AA000003 /* Theme.swift in Sources */ = {isa = PBXBuildFile; fileRef = BB000003; };
		AA000004 /* RamadanManager.swift in Sources */ = {isa = PBXBuildFile; fileRef = BB000004; };
		AA000005 /* Models.swift in Sources */ = {isa = PBXBuildFile; fileRef = BB000005; };
		AA000006 /* ContentView.swift in Sources */ = {isa = PBXBuildFile; fileRef = BB000006; };
		AA000007 /* HomeView.swift in Sources */ = {isa = PBXBuildFile; fileRef = BB000007; };
		AA000008 /* OnboardingView.swift in Sources */ = {isa = PBXBuildFile; fileRef = BB000008; };
		AA000009 /* QuranReadingView.swift in Sources */ = {isa = PBXBuildFile; fileRef = BB000009; };
		AA000010 /* RamadanView.swift in Sources */ = {isa = PBXBuildFile; fileRef = BB000010; };
		AA000011 /* RamadanDuaasView.swift in Sources */ = {isa = PBXBuildFile; fileRef = BB000011; };
		AA000012 /* RamadanSurahsView.swift in Sources */ = {isa = PBXBuildFile; fileRef = BB000012; };
		AA000013 /* DonationView.swift in Sources */ = {isa = PBXBuildFile; fileRef = BB000013; };
		AA000014 /* SettingsView.swift in Sources */ = {isa = PBXBuildFile; fileRef = BB000014; };
		AA000015 /* Assets.xcassets in Resources */ = {isa = PBXBuildFile; fileRef = BB000015; };
/* End PBXBuildFile section */

/* Begin PBXFileReference section */
		BB000001 /* QuranLockApp.swift */ = {isa = PBXFileReference; lastKnownFileType = sourcecode.swift; path = QuranLockApp.swift; sourceTree = "<group>"; };
		BB000002 /* AppState.swift */ = {isa = PBXFileReference; lastKnownFileType = sourcecode.swift; path = AppState.swift; sourceTree = "<group>"; };
		BB000003 /* Theme.swift */ = {isa = PBXFileReference; lastKnownFileType = sourcecode.swift; path = Theme.swift; sourceTree = "<group>"; };
		BB000004 /* RamadanManager.swift */ = {isa = PBXFileReference; lastKnownFileType = sourcecode.swift; path = RamadanManager.swift; sourceTree = "<group>"; };
		BB000005 /* Models.swift */ = {isa = PBXFileReference; lastKnownFileType = sourcecode.swift; path = Models.swift; sourceTree = "<group>"; };
		BB000006 /* ContentView.swift */ = {isa = PBXFileReference; lastKnownFileType = sourcecode.swift; path = ContentView.swift; sourceTree = "<group>"; };
		BB000007 /* HomeView.swift */ = {isa = PBXFileReference; lastKnownFileType = sourcecode.swift; path = HomeView.swift; sourceTree = "<group>"; };
		BB000008 /* OnboardingView.swift */ = {isa = PBXFileReference; lastKnownFileType = sourcecode.swift; path = OnboardingView.swift; sourceTree = "<group>"; };
		BB000009 /* QuranReadingView.swift */ = {isa = PBXFileReference; lastKnownFileType = sourcecode.swift; path = QuranReadingView.swift; sourceTree = "<group>"; };
		BB000010 /* RamadanView.swift */ = {isa = PBXFileReference; lastKnownFileType = sourcecode.swift; path = RamadanView.swift; sourceTree = "<group>"; };
		BB000011 /* RamadanDuaasView.swift */ = {isa = PBXFileReference; lastKnownFileType = sourcecode.swift; path = RamadanDuaasView.swift; sourceTree = "<group>"; };
		BB000012 /* RamadanSurahsView.swift */ = {isa = PBXFileReference; lastKnownFileType = sourcecode.swift; path = RamadanSurahsView.swift; sourceTree = "<group>"; };
		BB000013 /* DonationView.swift */ = {isa = PBXFileReference; lastKnownFileType = sourcecode.swift; path = DonationView.swift; sourceTree = "<group>"; };
		BB000014 /* SettingsView.swift */ = {isa = PBXFileReference; lastKnownFileType = sourcecode.swift; path = SettingsView.swift; sourceTree = "<group>"; };
		BB000015 /* Assets.xcassets */ = {isa = PBXFileReference; lastKnownFileType = folder.assetcatalog; path = Assets.xcassets; sourceTree = "<group>"; };
		BB000016 /* Info.plist */ = {isa = PBXFileReference; lastKnownFileType = text.plist.xml; path = Info.plist; sourceTree = "<group>"; };
		CC000001 /* QuranLock.app */ = {isa = PBXFileReference; explicitFileType = wrapper.application; includeInIndex = 0; path = QuranLock.app; sourceTree = BUILT_PRODUCTS_DIR; };
/* End PBXFileReference section */

/* Begin PBXFrameworksBuildPhase section */
		DD000001 /* Frameworks */ = {
			isa = PBXFrameworksBuildPhase;
			buildActionMask = 2147483647;
			files = (
			);
			runOnlyForDeploymentPostprocessing = 0;
		};
/* End PBXFrameworksBuildPhase section */

/* Begin PBXGroup section */
		EE000001 = {
			isa = PBXGroup;
			children = (
				EE000002 /* QuranLock */,
				EE000006 /* Products */,
			);
			sourceTree = "<group>";
		};
		EE000002 /* QuranLock */ = {
			isa = PBXGroup;
			children = (
				EE000003 /* App */,
				EE000004 /* Models */,
				EE000005 /* Views */,
				EE000007 /* Resources */,
				BB000016 /* Info.plist */,
			);
			path = QuranLock;
			sourceTree = "<group>";
		};
		EE000003 /* App */ = {
			isa = PBXGroup;
			children = (
				BB000001 /* QuranLockApp.swift */,
				BB000002 /* AppState.swift */,
				BB000003 /* Theme.swift */,
				BB000004 /* RamadanManager.swift */,
			);
			path = App;
			sourceTree = "<group>";
		};
		EE000004 /* Models */ = {
			isa = PBXGroup;
			children = (
				BB000005 /* Models.swift */,
			);
			path = Models;
			sourceTree = "<group>";
		};
		EE000005 /* Views */ = {
			isa = PBXGroup;
			children = (
				BB000006 /* ContentView.swift */,
				BB000007 /* HomeView.swift */,
				BB000008 /* OnboardingView.swift */,
				BB000009 /* QuranReadingView.swift */,
				BB000010 /* RamadanView.swift */,
				BB000011 /* RamadanDuaasView.swift */,
				BB000012 /* RamadanSurahsView.swift */,
				BB000013 /* DonationView.swift */,
				BB000014 /* SettingsView.swift */,
			);
			path = Views;
			sourceTree = "<group>";
		};
		EE000006 /* Products */ = {
			isa = PBXGroup;
			children = (
				CC000001 /* QuranLock.app */,
			);
			name = Products;
			sourceTree = "<group>";
		};
		EE000007 /* Resources */ = {
			isa = PBXGroup;
			children = (
				BB000015 /* Assets.xcassets */,
			);
			path = Resources;
			sourceTree = "<group>";
		};
/* End PBXGroup section */

/* Begin PBXNativeTarget section */
		FF000001 /* QuranLock */ = {
			isa = PBXNativeTarget;
			buildConfigurationList = FF000004 /* Build configuration list for PBXNativeTarget "QuranLock" */;
			buildPhases = (
				FF000002 /* Sources */,
				DD000001 /* Frameworks */,
				FF000003 /* Resources */,
			);
			buildRules = (
			);
			dependencies = (
			);
			name = QuranLock;
			productName = QuranLock;
			productReference = CC000001 /* QuranLock.app */;
			productType = "com.apple.product-type.application";
		};
/* End PBXNativeTarget section */

/* Begin PBXProject section */
		FF000005 /* Project object */ = {
			isa = PBXProject;
			attributes = {
				BuildIndependentTargetsInParallel = 1;
				LastSwiftUpdateCheck = 1520;
				LastUpgradeCheck = 1520;
				TargetAttributes = {
					FF000001 = {
						CreatedOnToolsVersion = 15.2;
					};
				};
			};
			buildConfigurationList = FF000006 /* Build configuration list for PBXProject "QuranLock" */;
			compatibilityVersion = "Xcode 14.0";
			developmentRegion = fr;
			hasScannedForEncodings = 0;
			knownRegions = (
				fr,
				Base,
				ar,
			);
			mainGroup = EE000001;
			productRefGroup = EE000006 /* Products */;
			projectDirPath = "";
			projectRoot = "";
			targets = (
				FF000001 /* QuranLock */,
			);
		};
/* End PBXProject section */

/* Begin PBXResourcesBuildPhase section */
		FF000003 /* Resources */ = {
			isa = PBXResourcesBuildPhase;
			buildActionMask = 2147483647;
			files = (
				AA000015 /* Assets.xcassets in Resources */,
			);
			runOnlyForDeploymentPostprocessing = 0;
		};
/* End PBXResourcesBuildPhase section */

/* Begin PBXSourcesBuildPhase section */
		FF000002 /* Sources */ = {
			isa = PBXSourcesBuildPhase;
			buildActionMask = 2147483647;
			files = (
				AA000001 /* QuranLockApp.swift in Sources */,
				AA000002 /* AppState.swift in Sources */,
				AA000003 /* Theme.swift in Sources */,
				AA000004 /* RamadanManager.swift in Sources */,
				AA000005 /* Models.swift in Sources */,
				AA000006 /* ContentView.swift in Sources */,
				AA000007 /* HomeView.swift in Sources */,
				AA000008 /* OnboardingView.swift in Sources */,
				AA000009 /* QuranReadingView.swift in Sources */,
				AA000010 /* RamadanView.swift in Sources */,
				AA000011 /* RamadanDuaasView.swift in Sources */,
				AA000012 /* RamadanSurahsView.swift in Sources */,
				AA000013 /* DonationView.swift in Sources */,
				AA000014 /* SettingsView.swift in Sources */,
			);
			runOnlyForDeploymentPostprocessing = 0;
		};
/* End PBXSourcesBuildPhase section */

/* Begin XCBuildConfiguration section */
		GG000001 /* Debug */ = {
			isa = XCBuildConfiguration;
			buildSettings = {
				ALWAYS_SEARCH_USER_PATHS = NO;
				ASSETCATALOG_COMPILER_GENERATE_SWIFT_ASSET_SYMBOL_EXTENSIONS = YES;
				CLANG_ANALYZER_NONNULL = YES;
				CLANG_ANALYZER_NUMBER_OBJECT_CONVERSION = YES_AGGRESSIVE;
				CLANG_CXX_LANGUAGE_STANDARD = "gnu++20";
				CLANG_ENABLE_MODULES = YES;
				CLANG_ENABLE_OBJC_ARC = YES;
				CLANG_ENABLE_OBJC_WEAK = YES;
				CLANG_WARN_BLOCK_CAPTURE_AUTORELEASING = YES;
				CLANG_WARN_BOOL_CONVERSION = YES;
				CLANG_WARN_COMMA = YES;
				CLANG_WARN_CONSTANT_CONVERSION = YES;
				CLANG_WARN_DEPRECATED_OBJC_IMPLEMENTATIONS = YES;
				CLANG_WARN_DIRECT_OBJC_ISA_USAGE = YES_ERROR;
				CLANG_WARN_DOCUMENTATION_COMMENTS = YES;
				CLANG_WARN_EMPTY_BODY = YES;
				CLANG_WARN_ENUM_CONVERSION = YES;
				CLANG_WARN_INFINITE_RECURSION = YES;
				CLANG_WARN_INT_CONVERSION = YES;
				CLANG_WARN_NON_LITERAL_NULL_CONVERSION = YES;
				CLANG_WARN_OBJC_IMPLICIT_RETAIN_SELF = YES;
				CLANG_WARN_OBJC_LITERAL_CONVERSION = YES;
				CLANG_WARN_OBJC_ROOT_CLASS = YES_ERROR;
				CLANG_WARN_QUOTED_INCLUDE_IN_FRAMEWORK_HEADER = YES;
				CLANG_WARN_RANGE_LOOP_ANALYSIS = YES;
				CLANG_WARN_STRICT_PROTOTYPES = YES;
				CLANG_WARN_SUSPICIOUS_MOVE = YES;
				CLANG_WARN_UNGUARDED_AVAILABILITY = YES_AGGRESSIVE;
				CLANG_WARN_UNREACHABLE_CODE = YES;
				CLANG_WARN__DUPLICATE_METHOD_MATCH = YES;
				COPY_PHASE_STRIP = NO;
				DEBUG_INFORMATION_FORMAT = dwarf;
				ENABLE_STRICT_OBJC_MSGSEND = YES;
				ENABLE_TESTABILITY = YES;
				ENABLE_USER_SCRIPT_SANDBOXING = YES;
				GCC_C_LANGUAGE_STANDARD = gnu17;
				GCC_DYNAMIC_NO_PIC = NO;
				GCC_NO_COMMON_BLOCKS = YES;
				GCC_OPTIMIZATION_LEVEL = 0;
				GCC_PREPROCESSOR_DEFINITIONS = (
					"DEBUG=1",
					"$(inherited)",
				);
				GCC_WARN_64_TO_32_BIT_CONVERSION = YES;
				GCC_WARN_ABOUT_RETURN_TYPE = YES_ERROR;
				GCC_WARN_UNDECLARED_SELECTOR = YES;
				GCC_WARN_UNINITIALIZED_AUTOS = YES_AGGRESSIVE;
				GCC_WARN_UNUSED_FUNCTION = YES;
				GCC_WARN_UNUSED_VARIABLE = YES;
				IPHONEOS_DEPLOYMENT_TARGET = 16.0;
				LOCALIZATION_PREFERS_STRING_CATALOGS = YES;
				MTL_ENABLE_DEBUG_INFO = INCLUDE_SOURCE;
				MTL_FAST_MATH = YES;
				ONLY_ACTIVE_ARCH = YES;
				SDKROOT = iphoneos;
				SWIFT_ACTIVE_COMPILATION_CONDITIONS = "DEBUG $(inherited)";
				SWIFT_OPTIMIZATION_LEVEL = "-Onone";
			};
			name = Debug;
		};
		GG000002 /* Release */ = {
			isa = XCBuildConfiguration;
			buildSettings = {
				ALWAYS_SEARCH_USER_PATHS = NO;
				ASSETCATALOG_COMPILER_GENERATE_SWIFT_ASSET_SYMBOL_EXTENSIONS = YES;
				CLANG_ANALYZER_NONNULL = YES;
				CLANG_ANALYZER_NUMBER_OBJECT_CONVERSION = YES_AGGRESSIVE;
				CLANG_CXX_LANGUAGE_STANDARD = "gnu++20";
				CLANG_ENABLE_MODULES = YES;
				CLANG_ENABLE_OBJC_ARC = YES;
				CLANG_ENABLE_OBJC_WEAK = YES;
				CLANG_WARN_BLOCK_CAPTURE_AUTORELEASING = YES;
				CLANG_WARN_BOOL_CONVERSION = YES;
				CLANG_WARN_COMMA = YES;
				CLANG_WARN_CONSTANT_CONVERSION = YES;
				CLANG_WARN_DEPRECATED_OBJC_IMPLEMENTATIONS = YES;
				CLANG_WARN_DIRECT_OBJC_ISA_USAGE = YES_ERROR;
				CLANG_WARN_DOCUMENTATION_COMMENTS = YES;
				CLANG_WARN_EMPTY_BODY = YES;
				CLANG_WARN_ENUM_CONVERSION = YES;
				CLANG_WARN_INFINITE_RECURSION = YES;
				CLANG_WARN_INT_CONVERSION = YES;
				CLANG_WARN_NON_LITERAL_NULL_CONVERSION = YES;
				CLANG_WARN_OBJC_IMPLICIT_RETAIN_SELF = YES;
				CLANG_WARN_OBJC_LITERAL_CONVERSION = YES;
				CLANG_WARN_OBJC_ROOT_CLASS = YES_ERROR;
				CLANG_WARN_QUOTED_INCLUDE_IN_FRAMEWORK_HEADER = YES;
				CLANG_WARN_RANGE_LOOP_ANALYSIS = YES;
				CLANG_WARN_STRICT_PROTOTYPES = YES;
				CLANG_WARN_SUSPICIOUS_MOVE = YES;
				CLANG_WARN_UNGUARDED_AVAILABILITY = YES_AGGRESSIVE;
				CLANG_WARN_UNREACHABLE_CODE = YES;
				CLANG_WARN__DUPLICATE_METHOD_MATCH = YES;
				COPY_PHASE_STRIP = NO;
				DEBUG_INFORMATION_FORMAT = "dwarf-with-dsym";
				ENABLE_NS_ASSERTIONS = NO;
				ENABLE_STRICT_OBJC_MSGSEND = YES;
				ENABLE_USER_SCRIPT_SANDBOXING = YES;
				GCC_C_LANGUAGE_STANDARD = gnu17;
				GCC_NO_COMMON_BLOCKS = YES;
				GCC_WARN_64_TO_32_BIT_CONVERSION = YES;
				GCC_WARN_ABOUT_RETURN_TYPE = YES_ERROR;
				GCC_WARN_UNDECLARED_SELECTOR = YES;
				GCC_WARN_UNINITIALIZED_AUTOS = YES_AGGRESSIVE;
				GCC_WARN_UNUSED_FUNCTION = YES;
				GCC_WARN_UNUSED_VARIABLE = YES;
				IPHONEOS_DEPLOYMENT_TARGET = 16.0;
				LOCALIZATION_PREFERS_STRING_CATALOGS = YES;
				MTL_ENABLE_DEBUG_INFO = NO;
				MTL_FAST_MATH = YES;
				SDKROOT = iphoneos;
				SWIFT_COMPILATION_MODE = wholemodule;
				VALIDATE_PRODUCT = YES;
			};
			name = Release;
		};
		GG000003 /* Debug */ = {
			isa = XCBuildConfiguration;
			buildSettings = {
				ASSETCATALOG_COMPILER_APPICON_NAME = AppIcon;
				ASSETCATALOG_COMPILER_GLOBAL_ACCENT_COLOR_NAME = AccentColor;
				CODE_SIGN_STYLE = Automatic;
				CURRENT_PROJECT_VERSION = 1;
				DEVELOPMENT_TEAM = "";
				ENABLE_PREVIEWS = YES;
				GENERATE_INFOPLIST_FILE = NO;
				INFOPLIST_FILE = QuranLock/Info.plist;
				INFOPLIST_KEY_CFBundleDisplayName = QuranLock;
				INFOPLIST_KEY_UIApplicationSceneManifest_Generation = YES;
				INFOPLIST_KEY_UIApplicationSupportsIndirectInputEvents = YES;
				INFOPLIST_KEY_UILaunchScreen_Generation = YES;
				INFOPLIST_KEY_UISupportedInterfaceOrientations = UIInterfaceOrientationPortrait;
				IPHONEOS_DEPLOYMENT_TARGET = 16.0;
				LD_RUNPATH_SEARCH_PATHS = (
					"$(inherited)",
					"@executable_path/Frameworks",
				);
				MARKETING_VERSION = 4.0;
				PRODUCT_BUNDLE_IDENTIFIER = com.zetaentreprise.quranlock;
				PRODUCT_NAME = "$(TARGET_NAME)";
				SUPPORTED_PLATFORMS = "iphoneos iphonesimulator";
				SUPPORTS_MACCATALYST = NO;
				SWIFT_EMIT_LOC_STRINGS = YES;
				SWIFT_VERSION = 5.0;
				TARGETED_DEVICE_FAMILY = "1,2";
			};
			name = Debug;
		};
		GG000004 /* Release */ = {
			isa = XCBuildConfiguration;
			buildSettings = {
				ASSETCATALOG_COMPILER_APPICON_NAME = AppIcon;
				ASSETCATALOG_COMPILER_GLOBAL_ACCENT_COLOR_NAME = AccentColor;
				CODE_SIGN_STYLE = Automatic;
				CURRENT_PROJECT_VERSION = 1;
				DEVELOPMENT_TEAM = "";
				ENABLE_PREVIEWS = YES;
				GENERATE_INFOPLIST_FILE = NO;
				INFOPLIST_FILE = QuranLock/Info.plist;
				INFOPLIST_KEY_CFBundleDisplayName = QuranLock;
				INFOPLIST_KEY_UIApplicationSceneManifest_Generation = YES;
				INFOPLIST_KEY_UIApplicationSupportsIndirectInputEvents = YES;
				INFOPLIST_KEY_UILaunchScreen_Generation = YES;
				INFOPLIST_KEY_UISupportedInterfaceOrientations = UIInterfaceOrientationPortrait;
				IPHONEOS_DEPLOYMENT_TARGET = 16.0;
				LD_RUNPATH_SEARCH_PATHS = (
					"$(inherited)",
					"@executable_path/Frameworks",
				);
				MARKETING_VERSION = 4.0;
				PRODUCT_BUNDLE_IDENTIFIER = com.zetaentreprise.quranlock;
				PRODUCT_NAME = "$(TARGET_NAME)";
				SUPPORTED_PLATFORMS = "iphoneos iphonesimulator";
				SUPPORTS_MACCATALYST = NO;
				SWIFT_EMIT_LOC_STRINGS = YES;
				SWIFT_VERSION = 5.0;
				TARGETED_DEVICE_FAMILY = "1,2";
			};
			name = Release;
		};
/* End XCBuildConfiguration section */

/* Begin XCConfigurationList section */
		FF000006 /* Build configuration list for PBXProject "QuranLock" */ = {
			isa = XCConfigurationList;
			buildConfigurations = (
				GG000001 /* Debug */,
				GG000002 /* Release */,
			);
			defaultConfigurationIsVisible = 0;
			defaultConfigurationName = Release;
		};
		FF000004 /* Build configuration list for PBXNativeTarget "QuranLock" */ = {
			isa = XCConfigurationList;
			buildConfigurations = (
				GG000003 /* Debug */,
				GG000004 /* Release */,
			);
			defaultConfigurationIsVisible = 0;
			defaultConfigurationName = Release;
		};
/* End XCConfigurationList section */

	};
	rootObject = FF000005 /* Project object */;
}
